
Microsoft Visual Studio Solution File, Format Version 12.00
# Visual Studio Version 17
VisualStudioVersion = 17.4.33020.496
MinimumVisualStudioVersion = 10.0.40219.1
Project("{FAE04EC0-301F-11D3-BF4B-00C04F79EFBC}") = "Example", "Observer\Example.csproj", "{8E7ABF27-E09A-4473-9841-403DBB465457}"
EndProject
Project("{2150E333-8FDC-42A3-9474-1A3956D46DE8}") = "Observer", "Observer", "{74806357-4754-40EA-83C4-1B1A0EA5E071}"
EndProject
Project("{FAE04EC0-301F-11D3-BF4B-00C04F79EFBC}") = "StructuralCode", "Observer\StructuralCode\StructuralCode.csproj", "{73028D3F-92FA-4730-9BB7-6F92FD65B715}"
EndProject
Global
	GlobalSection(SolutionConfigurationPlatforms) = preSolution
		Debug|Any CPU = Debug|Any CPU
		Release|Any CPU = Release|Any CPU
	EndGlobalSection
	GlobalSection(ProjectConfigurationPlatforms) = postSolution
		{8E7ABF27-E09A-4473-9841-403DBB465457}.Debug|Any CPU.ActiveCfg = Debug|Any CPU
		{8E7ABF27-E09A-4473-9841-403DBB465457}.Debug|Any CPU.Build.0 = Debug|Any CPU
		{8E7ABF27-E09A-4473-9841-403DBB465457}.Release|Any CPU.ActiveCfg = Release|Any CPU
		{8E7ABF27-E09A-4473-9841-403DBB465457}.Release|Any CPU.Build.0 = Release|Any CPU
		{73028D3F-92FA-4730-9BB7-6F92FD65B715}.Debug|Any CPU.ActiveCfg = Debug|Any CPU
		{73028D3F-92FA-4730-9BB7-6F92FD65B715}.Debug|Any CPU.Build.0 = Debug|Any CPU
		{73028D3F-92FA-4730-9BB7-6F92FD65B715}.Release|Any CPU.ActiveCfg = Release|Any CPU
		{73028D3F-92FA-4730-9BB7-6F92FD65B715}.Release|Any CPU.Build.0 = Release|Any CPU
	EndGlobalSection
	GlobalSection(SolutionProperties) = preSolution
		HideSolutionNode = FALSE
	EndGlobalSection
	GlobalSection(NestedProjects) = preSolution
		{8E7ABF27-E09A-4473-9841-403DBB465457} = {74806357-4754-40EA-83C4-1B1A0EA5E071}
		{73028D3F-92FA-4730-9BB7-6F92FD65B715} = {74806357-4754-40EA-83C4-1B1A0EA5E071}
	EndGlobalSection
	GlobalSection(ExtensibilityGlobals) = postSolution
		SolutionGuid = {E6C755E2-FBDB-489D-80F2-2F3455EF273F}
	EndGlobalSection
EndGlobal
